
Microsoft Visual Studio Solution File, Format Version 12.00
# Visual Studio Version 17
VisualStudioVersion = 17.5.002.0
MinimumVisualStudioVersion = 10.0.40219.1
Project("{9A19103F-16F7-4668-BE54-9A1E7A4F7556}") = "DesafioPOO", "DesafioPOO.csproj", "{BBE7AFF1-497D-47EB-8E27-254631DA916E}"
EndProject
Global
	GlobalSection(SolutionConfigurationPlatforms) = preSolution
		Debug|Any CPU = Debug|Any CPU
		Release|Any CPU = Release|Any CPU
	EndGlobalSection
	GlobalSection(ProjectConfigurationPlatforms) = postSolution
		{BBE7AFF1-497D-47EB-8E27-254631DA916E}.Debug|Any CPU.ActiveCfg = Debug|Any CPU
		{BBE7AFF1-497D-47EB-8E27-254631DA916E}.Debug|Any CPU.Build.0 = Debug|Any CPU
		{BBE7AFF1-497D-47EB-8E27-254631DA916E}.Release|Any CPU.ActiveCfg = Release|Any CPU
		{BBE7AFF1-497D-47EB-8E27-254631DA916E}.Release|Any CPU.Build.0 = Release|Any CPU
	EndGlobalSection
	GlobalSection(SolutionProperties) = preSolution
		HideSolutionNode = FALSE
	EndGlobalSection
	GlobalSection(ExtensibilityGlobals) = postSolution
		SolutionGuid = {8A06E623-644A-4832-8DFD-386B8B58D481}
	EndGlobalSection
EndGlobal
